
Microsoft Visual Studio Solution File, Format Version 12.00
# Visual Studio Version 17
VisualStudioVersion = 17.14.36705.20 d17.14
MinimumVisualStudioVersion = 10.0.40219.1
Project("{FAE04EC0-301F-11D3-BF4B-00C04F79EFBC}") = "SchoolManagementWeb", "SchoolManagementWeb\SchoolManagementWeb.csproj", "{58A25CBA-CEF4-4ADF-8070-EF12CE3795E1}"
EndProject
Project("{FAE04EC0-301F-11D3-BF4B-00C04F79EFBC}") = "SchoolManagementAppDAL", "..\SchoolManagementAppDAL\SchoolManagementAppDAL\SchoolManagementAppDAL.csproj", "{16D8267A-8AD8-4458-972D-D1638D613068}"
EndProject
Project("{FAE04EC0-301F-11D3-BF4B-00C04F79EFBC}") = "SchoolManagementAppBAL", "..\SchooolManagementAppBAL\SchoolManagementAppBAL\SchoolManagementAppBAL.csproj", "{BC691AD3-2D05-44CC-A8E7-F68F86FBE4F4}"
EndProject
Global
	GlobalSection(SolutionConfigurationPlatforms) = preSolution
		Debug|Any CPU = Debug|Any CPU
		Release|Any CPU = Release|Any CPU
	EndGlobalSection
	GlobalSection(ProjectConfigurationPlatforms) = postSolution
		{58A25CBA-CEF4-4ADF-8070-EF12CE3795E1}.Debug|Any CPU.ActiveCfg = Debug|Any CPU
		{58A25CBA-CEF4-4ADF-8070-EF12CE3795E1}.Debug|Any CPU.Build.0 = Debug|Any CPU
		{58A25CBA-CEF4-4ADF-8070-EF12CE3795E1}.Release|Any CPU.ActiveCfg = Release|Any CPU
		{58A25CBA-CEF4-4ADF-8070-EF12CE3795E1}.Release|Any CPU.Build.0 = Release|Any CPU
		{16D8267A-8AD8-4458-972D-D1638D613068}.Debug|Any CPU.ActiveCfg = Debug|Any CPU
		{16D8267A-8AD8-4458-972D-D1638D613068}.Debug|Any CPU.Build.0 = Debug|Any CPU
		{16D8267A-8AD8-4458-972D-D1638D613068}.Release|Any CPU.ActiveCfg = Release|Any CPU
		{16D8267A-8AD8-4458-972D-D1638D613068}.Release|Any CPU.Build.0 = Release|Any CPU
		{BC691AD3-2D05-44CC-A8E7-F68F86FBE4F4}.Debug|Any CPU.ActiveCfg = Debug|Any CPU
		{BC691AD3-2D05-44CC-A8E7-F68F86FBE4F4}.Debug|Any CPU.Build.0 = Debug|Any CPU
		{BC691AD3-2D05-44CC-A8E7-F68F86FBE4F4}.Release|Any CPU.ActiveCfg = Release|Any CPU
		{BC691AD3-2D05-44CC-A8E7-F68F86FBE4F4}.Release|Any CPU.Build.0 = Release|Any CPU
	EndGlobalSection
	GlobalSection(SolutionProperties) = preSolution
		HideSolutionNode = FALSE
	EndGlobalSection
	GlobalSection(ExtensibilityGlobals) = postSolution
		SolutionGuid = {F9BB1D11-C401-4A4D-8F93-C77B4F9288E5}
	EndGlobalSection
EndGlobal
